{
  "name": "weatherapp1",
  "version": "1.0.0",
  "lockfileVersion": 1,
  "requires": true,
  "dependencies": {
    "jquery": {
      "version": "3.3.1",
      "resolved": "https://registry.npmjs.org/jquery/-/jquery-3.3.1.tgz",
      "integrity": "sha512-Ubldcmxp5np52/ENotGxlLe6aGMvmF4R8S6tZjsP6Knsaxd/xp3Zrh50cG93lR6nPXyUFwzN3ZSOQI0wRJNdGg=="
    },
    "main.css": {
      "version": "0.0.1",
      "resolved": "https://registry.npmjs.org/main.css/-/main.css-0.0.1.tgz",
      "integrity": "sha512-oBNgYKLcZMO7OtqLoFi3ZHJFqXRLbIbsstXkrGY99KXzKTu7gbA9/vU2SPmeNnOjlZHmhA0HUs8IFsGmZsH+zQ=="
    }
  }
}
